
Microsoft Visual Studio Solution File, Format Version 12.00
# Visual Studio Version 16
VisualStudioVersion = 16.0.809.6
MinimumVisualStudioVersion = 10.0.40219.1
Project("{FAE04EC0-301F-11D3-BF4B-00C04F79EFBC}") = "IntelSimulator", "IntelSimulator\IntelSimulator.csproj", "{0EFFED67-A103-4662-944C-C80585F8C296}"
EndProject
Global
	GlobalSection(SolutionConfigurationPlatforms) = preSolution
		Debug|Any CPU = Debug|Any CPU
		Release|Any CPU = Release|Any CPU
	EndGlobalSection
	GlobalSection(ProjectConfigurationPlatforms) = postSolution
		{0EFFED67-A103-4662-944C-C80585F8C296}.Debug|Any CPU.ActiveCfg = Debug|Any CPU
		{0EFFED67-A103-4662-944C-C80585F8C296}.Debug|Any CPU.Build.0 = Debug|Any CPU
		{0EFFED67-A103-4662-944C-C80585F8C296}.Release|Any CPU.ActiveCfg = Release|Any CPU
		{0EFFED67-A103-4662-944C-C80585F8C296}.Release|Any CPU.Build.0 = Release|Any CPU
	EndGlobalSection
	GlobalSection(SolutionProperties) = preSolution
		HideSolutionNode = FALSE
	EndGlobalSection
	GlobalSection(ExtensibilityGlobals) = postSolution
		SolutionGuid = {3DDBAF37-EBA8-4161-994C-6D7ED5CF49D8}
	EndGlobalSection
EndGlobal
